
Microsoft Visual Studio Solution File, Format Version 12.00
# Visual Studio 2012
Project("{FAE04EC0-301F-11D3-BF4B-00C04F79EFBC}") = "TestSing", "TestSing\TestSing.csproj", "{C7D7CDF4-E2ED-4F7B-9026-09FB3871C679}"
EndProject
Global
	GlobalSection(SolutionConfigurationPlatforms) = preSolution
		Debug|iPhoneSimulator = Debug|iPhoneSimulator
		Release|iPhoneSimulator = Release|iPhoneSimulator
		Debug|iPhone = Debug|iPhone
		Release|iPhone = Release|iPhone
		Ad-Hoc|iPhone = Ad-Hoc|iPhone
		AppStore|iPhone = AppStore|iPhone
	EndGlobalSection
	GlobalSection(ProjectConfigurationPlatforms) = postSolution
		{C7D7CDF4-E2ED-4F7B-9026-09FB3871C679}.Ad-Hoc|iPhone.ActiveCfg = Ad-Hoc|iPhone
		{C7D7CDF4-E2ED-4F7B-9026-09FB3871C679}.Ad-Hoc|iPhone.Build.0 = Ad-Hoc|iPhone
		{C7D7CDF4-E2ED-4F7B-9026-09FB3871C679}.AppStore|iPhone.ActiveCfg = AppStore|iPhone
		{C7D7CDF4-E2ED-4F7B-9026-09FB3871C679}.AppStore|iPhone.Build.0 = AppStore|iPhone
		{C7D7CDF4-E2ED-4F7B-9026-09FB3871C679}.Debug|iPhone.ActiveCfg = Debug|iPhone
		{C7D7CDF4-E2ED-4F7B-9026-09FB3871C679}.Debug|iPhone.Build.0 = Debug|iPhone
		{C7D7CDF4-E2ED-4F7B-9026-09FB3871C679}.Debug|iPhoneSimulator.ActiveCfg = Debug|iPhoneSimulator
		{C7D7CDF4-E2ED-4F7B-9026-09FB3871C679}.Debug|iPhoneSimulator.Build.0 = Debug|iPhoneSimulator
		{C7D7CDF4-E2ED-4F7B-9026-09FB3871C679}.Release|iPhone.ActiveCfg = Release|iPhone
		{C7D7CDF4-E2ED-4F7B-9026-09FB3871C679}.Release|iPhone.Build.0 = Release|iPhone
		{C7D7CDF4-E2ED-4F7B-9026-09FB3871C679}.Release|iPhoneSimulator.ActiveCfg = Release|iPhoneSimulator
		{C7D7CDF4-E2ED-4F7B-9026-09FB3871C679}.Release|iPhoneSimulator.Build.0 = Release|iPhoneSimulator
	EndGlobalSection
EndGlobal
